
Microsoft Visual Studio Solution File, Format Version 12.00
# Visual Studio 15
VisualStudioVersion = 15.0.27130.2036
MinimumVisualStudioVersion = 10.0.40219.1
Project("{FAE04EC0-301F-11D3-BF4B-00C04F79EFBC}") = "sqlconnectionTest", "sqlconnectionTest\sqlconnectionTest.csproj", "{373D5251-99F4-45D8-AC73-7C1AB13F489A}"
EndProject
Global
	GlobalSection(SolutionConfigurationPlatforms) = preSolution
		Debug|Any CPU = Debug|Any CPU
		Release|Any CPU = Release|Any CPU
	EndGlobalSection
	GlobalSection(ProjectConfigurationPlatforms) = postSolution
		{373D5251-99F4-45D8-AC73-7C1AB13F489A}.Debug|Any CPU.ActiveCfg = Debug|Any CPU
		{373D5251-99F4-45D8-AC73-7C1AB13F489A}.Debug|Any CPU.Build.0 = Debug|Any CPU
		{373D5251-99F4-45D8-AC73-7C1AB13F489A}.Release|Any CPU.ActiveCfg = Release|Any CPU
		{373D5251-99F4-45D8-AC73-7C1AB13F489A}.Release|Any CPU.Build.0 = Release|Any CPU
	EndGlobalSection
	GlobalSection(SolutionProperties) = preSolution
		HideSolutionNode = FALSE
	EndGlobalSection
	GlobalSection(ExtensibilityGlobals) = postSolution
		SolutionGuid = {51AC92F1-BD09-4BA1-B6F4-ADFE8C4A269B}
	EndGlobalSection
EndGlobal
